
Microsoft Visual Studio Solution File, Format Version 12.00
# Visual Studio 15
VisualStudioVersion = 15.0.28307.645
MinimumVisualStudioVersion = 10.0.40219.1
Project("{8BC9CEB8-8B4A-11D0-8D11-00A0C91BC942}") = "Project19", "Project19\Project19.vcxproj", "{9E3C4B93-6334-4D4B-9C8A-F5A980E5F928}"
EndProject
Global
	GlobalSection(SolutionConfigurationPlatforms) = preSolution
		Debug|x64 = Debug|x64
		Debug|x86 = Debug|x86
		Release|x64 = Release|x64
		Release|x86 = Release|x86
	EndGlobalSection
	GlobalSection(ProjectConfigurationPlatforms) = postSolution
		{9E3C4B93-6334-4D4B-9C8A-F5A980E5F928}.Debug|x64.ActiveCfg = Debug|x64
		{9E3C4B93-6334-4D4B-9C8A-F5A980E5F928}.Debug|x64.Build.0 = Debug|x64
		{9E3C4B93-6334-4D4B-9C8A-F5A980E5F928}.Debug|x86.ActiveCfg = Debug|Win32
		{9E3C4B93-6334-4D4B-9C8A-F5A980E5F928}.Debug|x86.Build.0 = Debug|Win32
		{9E3C4B93-6334-4D4B-9C8A-F5A980E5F928}.Release|x64.ActiveCfg = Release|x64
		{9E3C4B93-6334-4D4B-9C8A-F5A980E5F928}.Release|x64.Build.0 = Release|x64
		{9E3C4B93-6334-4D4B-9C8A-F5A980E5F928}.Release|x86.ActiveCfg = Release|Win32
		{9E3C4B93-6334-4D4B-9C8A-F5A980E5F928}.Release|x86.Build.0 = Release|Win32
	EndGlobalSection
	GlobalSection(SolutionProperties) = preSolution
		HideSolutionNode = FALSE
	EndGlobalSection
	GlobalSection(ExtensibilityGlobals) = postSolution
		SolutionGuid = {33316DEA-7215-4192-8E30-2A24DE4C48D5}
	EndGlobalSection
EndGlobal
